
Microsoft Visual Studio Solution File, Format Version 12.00
# Visual Studio 15
VisualStudioVersion = 15.0.27130.2010
MinimumVisualStudioVersion = 10.0.40219.1
Project("{FAE04EC0-301F-11D3-BF4B-00C04F79EFBC}") = "FoodNutrients.Android", "FoodNutrients\FoodNutrients.Android\FoodNutrients.Android.csproj", "{11BC5D8F-0119-4AEE-B1D6-067A69EA602C}"
EndProject
Project("{FAE04EC0-301F-11D3-BF4B-00C04F79EFBC}") = "FoodNutrients.iOS", "FoodNutrients\FoodNutrients.iOS\FoodNutrients.iOS.csproj", "{D4988861-5ACB-409E-BC86-C5EE2F2D0F73}"
EndProject
Project("{FAE04EC0-301F-11D3-BF4B-00C04F79EFBC}") = "FoodNutrients.UWP", "FoodNutrients\FoodNutrients.UWP\FoodNutrients.UWP.csproj", "{4B339AB5-C52C-4B43-A86C-3B5A4FE39A1E}"
EndProject
Project("{FAE04EC0-301F-11D3-BF4B-00C04F79EFBC}") = "FoodNutrients", "FoodNutrients\FoodNutrients\FoodNutrients.csproj", "{E56F4F28-CD0F-4B96-AEC5-D3D32FD71534}"
EndProject
Global
	GlobalSection(SolutionConfigurationPlatforms) = preSolution
		Ad-Hoc|Any CPU = Ad-Hoc|Any CPU
		Ad-Hoc|ARM = Ad-Hoc|ARM
		Ad-Hoc|iPhone = Ad-Hoc|iPhone
		Ad-Hoc|iPhoneSimulator = Ad-Hoc|iPhoneSimulator
		Ad-Hoc|x64 = Ad-Hoc|x64
		Ad-Hoc|x86 = Ad-Hoc|x86
		AppStore|Any CPU = AppStore|Any CPU
		AppStore|ARM = AppStore|ARM
		AppStore|iPhone = AppStore|iPhone
		AppStore|iPhoneSimulator = AppStore|iPhoneSimulator
		AppStore|x64 = AppStore|x64
		AppStore|x86 = AppStore|x86
		Debug|Any CPU = Debug|Any CPU
		Debug|ARM = Debug|ARM
		Debug|iPhone = Debug|iPhone
		Debug|iPhoneSimulator = Debug|iPhoneSimulator
		Debug|x64 = Debug|x64
		Debug|x86 = Debug|x86
		Release|Any CPU = Release|Any CPU
		Release|ARM = Release|ARM
		Release|iPhone = Release|iPhone
		Release|iPhoneSimulator = Release|iPhoneSimulator
		Release|x64 = Release|x64
		Release|x86 = Release|x86
	EndGlobalSection
	GlobalSection(ProjectConfigurationPlatforms) = postSolution
		{11BC5D8F-0119-4AEE-B1D6-067A69EA602C}.Ad-Hoc|Any CPU.ActiveCfg = Release|Any CPU
		{11BC5D8F-0119-4AEE-B1D6-067A69EA602C}.Ad-Hoc|Any CPU.Build.0 = Release|Any CPU
		{11BC5D8F-0119-4AEE-B1D6-067A69EA602C}.Ad-Hoc|Any CPU.Deploy.0 = Release|Any CPU
		{11BC5D8F-0119-4AEE-B1D6-067A69EA602C}.Ad-Hoc|ARM.ActiveCfg = Release|Any CPU
		{11BC5D8F-0119-4AEE-B1D6-067A69EA602C}.Ad-Hoc|ARM.Build.0 = Release|Any CPU
		{11BC5D8F-0119-4AEE-B1D6-067A69EA602C}.Ad-Hoc|ARM.Deploy.0 = Release|Any CPU
		{11BC5D8F-0119-4AEE-B1D6-067A69EA602C}.Ad-Hoc|iPhone.ActiveCfg = Release|Any CPU
		{11BC5D8F-0119-4AEE-B1D6-067A69EA602C}.Ad-Hoc|iPhone.Build.0 = Release|Any CPU
		{11BC5D8F-0119-4AEE-B1D6-067A69EA602C}.Ad-Hoc|iPhone.Deploy.0 = Release|Any CPU
		{11BC5D8F-0119-4AEE-B1D6-067A69EA602C}.Ad-Hoc|iPhoneSimulator.ActiveCfg = Release|Any CPU
		{11BC5D8F-0119-4AEE-B1D6-067A69EA602C}.Ad-Hoc|iPhoneSimulator.Build.0 = Release|Any CPU
		{11BC5D8F-0119-4AEE-B1D6-067A69EA602C}.Ad-Hoc|iPhoneSimulator.Deploy.0 = Release|Any CPU
		{11BC5D8F-0119-4AEE-B1D6-067A69EA602C}.Ad-Hoc|x64.ActiveCfg = Release|Any CPU
		{11BC5D8F-0119-4AEE-B1D6-067A69EA602C}.Ad-Hoc|x64.Build.0 = Release|Any CPU
		{11BC5D8F-0119-4AEE-B1D6-067A69EA602C}.Ad-Hoc|x64.Deploy.0 = Release|Any CPU
		{11BC5D8F-0119-4AEE-B1D6-067A69EA602C}.Ad-Hoc|x86.ActiveCfg = Release|Any CPU
		{11BC5D8F-0119-4AEE-B1D6-067A69EA602C}.Ad-Hoc|x86.Build.0 = Release|Any CPU
		{11BC5D8F-0119-4AEE-B1D6-067A69EA602C}.Ad-Hoc|x86.Deploy.0 = Release|Any CPU
		{11BC5D8F-0119-4AEE-B1D6-067A69EA602C}.AppStore|Any CPU.ActiveCfg = Release|Any CPU
		{11BC5D8F-0119-4AEE-B1D6-067A69EA602C}.AppStore|Any CPU.Build.0 = Release|Any CPU
		{11BC5D8F-0119-4AEE-B1D6-067A69EA602C}.AppStore|Any CPU.Deploy.0 = Release|Any CPU
		{11BC5D8F-0119-4AEE-B1D6-067A69EA602C}.AppStore|ARM.ActiveCfg = Release|Any CPU
		{11BC5D8F-0119-4AEE-B1D6-067A69EA602C}.AppStore|ARM.Build.0 = Release|Any CPU
		{11BC5D8F-0119-4AEE-B1D6-067A69EA602C}.AppStore|ARM.Deploy.0 = Release|Any CPU
		{11BC5D8F-0119-4AEE-B1D6-067A69EA602C}.AppStore|iPhone.ActiveCfg = Release|Any CPU
		{11BC5D8F-0119-4AEE-B1D6-067A69EA602C}.AppStore|iPhone.Build.0 = Release|Any CPU
		{11BC5D8F-0119-4AEE-B1D6-067A69EA602C}.AppStore|iPhone.Deploy.0 = Release|Any CPU
		{11BC5D8F-0119-4AEE-B1D6-067A69EA602C}.AppStore|iPhoneSimulator.ActiveCfg = Release|Any CPU
		{11BC5D8F-0119-4AEE-B1D6-067A69EA602C}.AppStore|iPhoneSimulator.Build.0 = Release|Any CPU
		{11BC5D8F-0119-4AEE-B1D6-067A69EA602C}.AppStore|iPhoneSimulator.Deploy.0 = Release|Any CPU
		{11BC5D8F-0119-4AEE-B1D6-067A69EA602C}.AppStore|x64.ActiveCfg = Release|Any CPU
		{11BC5D8F-0119-4AEE-B1D6-067A69EA602C}.AppStore|x64.Build.0 = Release|Any CPU
		{11BC5D8F-0119-4AEE-B1D6-067A69EA602C}.AppStore|x64.Deploy.0 = Release|Any CPU
		{11BC5D8F-0119-4AEE-B1D6-067A69EA602C}.AppStore|x86.ActiveCfg = Release|Any CPU
		{11BC5D8F-0119-4AEE-B1D6-067A69EA602C}.AppStore|x86.Build.0 = Release|Any CPU
		{11BC5D8F-0119-4AEE-B1D6-067A69EA602C}.AppStore|x86.Deploy.0 = Release|Any CPU
		{11BC5D8F-0119-4AEE-B1D6-067A69EA602C}.Debug|Any CPU.ActiveCfg = Debug|Any CPU
		{11BC5D8F-0119-4AEE-B1D6-067A69EA602C}.Debug|Any CPU.Build.0 = Debug|Any CPU
		{11BC5D8F-0119-4AEE-B1D6-067A69EA602C}.Debug|Any CPU.Deploy.0 = Debug|Any CPU
		{11BC5D8F-0119-4AEE-B1D6-067A69EA602C}.Debug|ARM.ActiveCfg = Debug|Any CPU
		{11BC5D8F-0119-4AEE-B1D6-067A69EA602C}.Debug|ARM.Build.0 = Debug|Any CPU
		{11BC5D8F-0119-4AEE-B1D6-067A69EA602C}.Debug|ARM.Deploy.0 = Debug|Any CPU
		{11BC5D8F-0119-4AEE-B1D6-067A69EA602C}.Debug|iPhone.ActiveCfg = Debug|Any CPU
		{11BC5D8F-0119-4AEE-B1D6-067A69EA602C}.Debug|iPhone.Build.0 = Debug|Any CPU
		{11BC5D8F-0119-4AEE-B1D6-067A69EA602C}.Debug|iPhone.Deploy.0 = Debug|Any CPU
		{11BC5D8F-0119-4AEE-B1D6-067A69EA602C}.Debug|iPhoneSimulator.ActiveCfg = Debug|Any CPU
		{11BC5D8F-0119-4AEE-B1D6-067A69EA602C}.Debug|iPhoneSimulator.Build.0 = Debug|Any CPU
		{11BC5D8F-0119-4AEE-B1D6-067A69EA602C}.Debug|iPhoneSimulator.Deploy.0 = Debug|Any CPU
		{11BC5D8F-0119-4AEE-B1D6-067A69EA602C}.Debug|x64.ActiveCfg = Debug|Any CPU
		{11BC5D8F-0119-4AEE-B1D6-067A69EA602C}.Debug|x64.Build.0 = Debug|Any CPU
		{11BC5D8F-0119-4AEE-B1D6-067A69EA602C}.Debug|x64.Deploy.0 = Debug|Any CPU
		{11BC5D8F-0119-4AEE-B1D6-067A69EA602C}.Debug|x86.ActiveCfg = Debug|Any CPU
		{11BC5D8F-0119-4AEE-B1D6-067A69EA602C}.Debug|x86.Build.0 = Debug|Any CPU
		{11BC5D8F-0119-4AEE-B1D6-067A69EA602C}.Debug|x86.Deploy.0 = Debug|Any CPU
		{11BC5D8F-0119-4AEE-B1D6-067A69EA602C}.Release|Any CPU.ActiveCfg = Release|Any CPU
		{11BC5D8F-0119-4AEE-B1D6-067A69EA602C}.Release|Any CPU.Build.0 = Release|Any CPU
		{11BC5D8F-0119-4AEE-B1D6-067A69EA602C}.Release|Any CPU.Deploy.0 = Release|Any CPU
		{11BC5D8F-0119-4AEE-B1D6-067A69EA602C}.Release|ARM.ActiveCfg = Release|Any CPU
		{11BC5D8F-0119-4AEE-B1D6-067A69EA602C}.Release|ARM.Build.0 = Release|Any CPU
		{11BC5D8F-0119-4AEE-B1D6-067A69EA602C}.Release|ARM.Deploy.0 = Release|Any CPU
		{11BC5D8F-0119-4AEE-B1D6-067A69EA602C}.Release|iPhone.ActiveCfg = Release|Any CPU
		{11BC5D8F-0119-4AEE-B1D6-067A69EA602C}.Release|iPhone.Build.0 = Release|Any CPU
		{11BC5D8F-0119-4AEE-B1D6-067A69EA602C}.Release|iPhone.Deploy.0 = Release|Any CPU
		{11BC5D8F-0119-4AEE-B1D6-067A69EA602C}.Release|iPhoneSimulator.ActiveCfg = Release|Any CPU
		{11BC5D8F-0119-4AEE-B1D6-067A69EA602C}.Release|iPhoneSimulator.Build.0 = Release|Any CPU
		{11BC5D8F-0119-4AEE-B1D6-067A69EA602C}.Release|iPhoneSimulator.Deploy.0 = Release|Any CPU
		{11BC5D8F-0119-4AEE-B1D6-067A69EA602C}.Release|x64.ActiveCfg = Release|Any CPU
		{11BC5D8F-0119-4AEE-B1D6-067A69EA602C}.Release|x64.Build.0 = Release|Any CPU
		{11BC5D8F-0119-4AEE-B1D6-067A69EA602C}.Release|x64.Deploy.0 = Release|Any CPU
		{11BC5D8F-0119-4AEE-B1D6-067A69EA602C}.Release|x86.ActiveCfg = Release|Any CPU
		{11BC5D8F-0119-4AEE-B1D6-067A69EA602C}.Release|x86.Build.0 = Release|Any CPU
		{11BC5D8F-0119-4AEE-B1D6-067A69EA602C}.Release|x86.Deploy.0 = Release|Any CPU
		{D4988861-5ACB-409E-BC86-C5EE2F2D0F73}.Ad-Hoc|Any CPU.ActiveCfg = Ad-Hoc|iPhone
		{D4988861-5ACB-409E-BC86-C5EE2F2D0F73}.Ad-Hoc|ARM.ActiveCfg = Ad-Hoc|iPhone
		{D4988861-5ACB-409E-BC86-C5EE2F2D0F73}.Ad-Hoc|iPhone.ActiveCfg = Ad-Hoc|iPhone
		{D4988861-5ACB-409E-BC86-C5EE2F2D0F73}.Ad-Hoc|iPhone.Build.0 = Ad-Hoc|iPhone
		{D4988861-5ACB-409E-BC86-C5EE2F2D0F73}.Ad-Hoc|iPhoneSimulator.ActiveCfg = Ad-Hoc|iPhoneSimulator
		{D4988861-5ACB-409E-BC86-C5EE2F2D0F73}.Ad-Hoc|iPhoneSimulator.Build.0 = Ad-Hoc|iPhoneSimulator
		{D4988861-5ACB-409E-BC86-C5EE2F2D0F73}.Ad-Hoc|x64.ActiveCfg = Ad-Hoc|iPhone
		{D4988861-5ACB-409E-BC86-C5EE2F2D0F73}.Ad-Hoc|x86.ActiveCfg = Ad-Hoc|iPhone
		{D4988861-5ACB-409E-BC86-C5EE2F2D0F73}.AppStore|Any CPU.ActiveCfg = AppStore|iPhone
		{D4988861-5ACB-409E-BC86-C5EE2F2D0F73}.AppStore|ARM.ActiveCfg = AppStore|iPhone
		{D4988861-5ACB-409E-BC86-C5EE2F2D0F73}.AppStore|iPhone.ActiveCfg = AppStore|iPhone
		{D4988861-5ACB-409E-BC86-C5EE2F2D0F73}.AppStore|iPhone.Build.0 = AppStore|iPhone
		{D4988861-5ACB-409E-BC86-C5EE2F2D0F73}.AppStore|iPhoneSimulator.ActiveCfg = AppStore|iPhoneSimulator
		{D4988861-5ACB-409E-BC86-C5EE2F2D0F73}.AppStore|iPhoneSimulator.Build.0 = AppStore|iPhoneSimulator
		{D4988861-5ACB-409E-BC86-C5EE2F2D0F73}.AppStore|x64.ActiveCfg = AppStore|iPhone
		{D4988861-5ACB-409E-BC86-C5EE2F2D0F73}.AppStore|x86.ActiveCfg = AppStore|iPhone
		{D4988861-5ACB-409E-BC86-C5EE2F2D0F73}.Debug|Any CPU.ActiveCfg = Debug|iPhone
		{D4988861-5ACB-409E-BC86-C5EE2F2D0F73}.Debug|ARM.ActiveCfg = Debug|iPhone
		{D4988861-5ACB-409E-BC86-C5EE2F2D0F73}.Debug|iPhone.ActiveCfg = Debug|iPhone
		{D4988861-5ACB-409E-BC86-C5EE2F2D0F73}.Debug|iPhone.Build.0 = Debug|iPhone
		{D4988861-5ACB-409E-BC86-C5EE2F2D0F73}.Debug|iPhoneSimulator.ActiveCfg = Debug|iPhoneSimulator
		{D4988861-5ACB-409E-BC86-C5EE2F2D0F73}.Debug|iPhoneSimulator.Build.0 = Debug|iPhoneSimulator
		{D4988861-5ACB-409E-BC86-C5EE2F2D0F73}.Debug|x64.ActiveCfg = Debug|iPhone
		{D4988861-5ACB-409E-BC86-C5EE2F2D0F73}.Debug|x86.ActiveCfg = Debug|iPhone
		{D4988861-5ACB-409E-BC86-C5EE2F2D0F73}.Release|Any CPU.ActiveCfg = Release|iPhone
		{D4988861-5ACB-409E-BC86-C5EE2F2D0F73}.Release|ARM.ActiveCfg = Release|iPhone
		{D4988861-5ACB-409E-BC86-C5EE2F2D0F73}.Release|iPhone.ActiveCfg = Release|iPhone
		{D4988861-5ACB-409E-BC86-C5EE2F2D0F73}.Release|iPhone.Build.0 = Release|iPhone
		{D4988861-5ACB-409E-BC86-C5EE2F2D0F73}.Release|iPhoneSimulator.ActiveCfg = Release|iPhoneSimulator
		{D4988861-5ACB-409E-BC86-C5EE2F2D0F73}.Release|iPhoneSimulator.Build.0 = Release|iPhoneSimulator
		{D4988861-5ACB-409E-BC86-C5EE2F2D0F73}.Release|x64.ActiveCfg = Release|iPhone
		{D4988861-5ACB-409E-BC86-C5EE2F2D0F73}.Release|x86.ActiveCfg = Release|iPhone
		{4B339AB5-C52C-4B43-A86C-3B5A4FE39A1E}.Ad-Hoc|Any CPU.ActiveCfg = Release|x86
		{4B339AB5-C52C-4B43-A86C-3B5A4FE39A1E}.Ad-Hoc|Any CPU.Build.0 = Release|x86
		{4B339AB5-C52C-4B43-A86C-3B5A4FE39A1E}.Ad-Hoc|Any CPU.Deploy.0 = Release|x86
		{4B339AB5-C52C-4B43-A86C-3B5A4FE39A1E}.Ad-Hoc|ARM.ActiveCfg = Release|ARM
		{4B339AB5-C52C-4B43-A86C-3B5A4FE39A1E}.Ad-Hoc|ARM.Build.0 = Release|ARM
		{4B339AB5-C52C-4B43-A86C-3B5A4FE39A1E}.Ad-Hoc|ARM.Deploy.0 = Release|ARM
		{4B339AB5-C52C-4B43-A86C-3B5A4FE39A1E}.Ad-Hoc|iPhone.ActiveCfg = Release|x86
		{4B339AB5-C52C-4B43-A86C-3B5A4FE39A1E}.Ad-Hoc|iPhone.Build.0 = Release|x86
		{4B339AB5-C52C-4B43-A86C-3B5A4FE39A1E}.Ad-Hoc|iPhone.Deploy.0 = Release|x86
		{4B339AB5-C52C-4B43-A86C-3B5A4FE39A1E}.Ad-Hoc|iPhoneSimulator.ActiveCfg = Release|x86
		{4B339AB5-C52C-4B43-A86C-3B5A4FE39A1E}.Ad-Hoc|iPhoneSimulator.Build.0 = Release|x86
		{4B339AB5-C52C-4B43-A86C-3B5A4FE39A1E}.Ad-Hoc|iPhoneSimulator.Deploy.0 = Release|x86
		{4B339AB5-C52C-4B43-A86C-3B5A4FE39A1E}.Ad-Hoc|x64.ActiveCfg = Release|x64
		{4B339AB5-C52C-4B43-A86C-3B5A4FE39A1E}.Ad-Hoc|x64.Build.0 = Release|x64
		{4B339AB5-C52C-4B43-A86C-3B5A4FE39A1E}.Ad-Hoc|x64.Deploy.0 = Release|x64
		{4B339AB5-C52C-4B43-A86C-3B5A4FE39A1E}.Ad-Hoc|x86.ActiveCfg = Release|x86
		{4B339AB5-C52C-4B43-A86C-3B5A4FE39A1E}.Ad-Hoc|x86.Build.0 = Release|x86
		{4B339AB5-C52C-4B43-A86C-3B5A4FE39A1E}.Ad-Hoc|x86.Deploy.0 = Release|x86
		{4B339AB5-C52C-4B43-A86C-3B5A4FE39A1E}.AppStore|Any CPU.ActiveCfg = Release|x86
		{4B339AB5-C52C-4B43-A86C-3B5A4FE39A1E}.AppStore|Any CPU.Build.0 = Release|x86
		{4B339AB5-C52C-4B43-A86C-3B5A4FE39A1E}.AppStore|Any CPU.Deploy.0 = Release|x86
		{4B339AB5-C52C-4B43-A86C-3B5A4FE39A1E}.AppStore|ARM.ActiveCfg = Release|ARM
		{4B339AB5-C52C-4B43-A86C-3B5A4FE39A1E}.AppStore|ARM.Build.0 = Release|ARM
		{4B339AB5-C52C-4B43-A86C-3B5A4FE39A1E}.AppStore|ARM.Deploy.0 = Release|ARM
		{4B339AB5-C52C-4B43-A86C-3B5A4FE39A1E}.AppStore|iPhone.ActiveCfg = Release|x86
		{4B339AB5-C52C-4B43-A86C-3B5A4FE39A1E}.AppStore|iPhone.Build.0 = Release|x86
		{4B339AB5-C52C-4B43-A86C-3B5A4FE39A1E}.AppStore|iPhone.Deploy.0 = Release|x86
		{4B339AB5-C52C-4B43-A86C-3B5A4FE39A1E}.AppStore|iPhoneSimulator.ActiveCfg = Release|x86
		{4B339AB5-C52C-4B43-A86C-3B5A4FE39A1E}.AppStore|iPhoneSimulator.Build.0 = Release|x86
		{4B339AB5-C52C-4B43-A86C-3B5A4FE39A1E}.AppStore|iPhoneSimulator.Deploy.0 = Release|x86
		{4B339AB5-C52C-4B43-A86C-3B5A4FE39A1E}.AppStore|x64.ActiveCfg = Release|x64
		{4B339AB5-C52C-4B43-A86C-3B5A4FE39A1E}.AppStore|x64.Build.0 = Release|x64
		{4B339AB5-C52C-4B43-A86C-3B5A4FE39A1E}.AppStore|x64.Deploy.0 = Release|x64
		{4B339AB5-C52C-4B43-A86C-3B5A4FE39A1E}.AppStore|x86.ActiveCfg = Release|x86
		{4B339AB5-C52C-4B43-A86C-3B5A4FE39A1E}.AppStore|x86.Build.0 = Release|x86
		{4B339AB5-C52C-4B43-A86C-3B5A4FE39A1E}.AppStore|x86.Deploy.0 = Release|x86
		{4B339AB5-C52C-4B43-A86C-3B5A4FE39A1E}.Debug|Any CPU.ActiveCfg = Debug|x86
		{4B339AB5-C52C-4B43-A86C-3B5A4FE39A1E}.Debug|ARM.ActiveCfg = Debug|ARM
		{4B339AB5-C52C-4B43-A86C-3B5A4FE39A1E}.Debug|ARM.Build.0 = Debug|ARM
		{4B339AB5-C52C-4B43-A86C-3B5A4FE39A1E}.Debug|ARM.Deploy.0 = Debug|ARM
		{4B339AB5-C52C-4B43-A86C-3B5A4FE39A1E}.Debug|iPhone.ActiveCfg = Debug|x86
		{4B339AB5-C52C-4B43-A86C-3B5A4FE39A1E}.Debug|iPhoneSimulator.ActiveCfg = Debug|x86
		{4B339AB5-C52C-4B43-A86C-3B5A4FE39A1E}.Debug|x64.ActiveCfg = Debug|x64
		{4B339AB5-C52C-4B43-A86C-3B5A4FE39A1E}.Debug|x64.Build.0 = Debug|x64
		{4B339AB5-C52C-4B43-A86C-3B5A4FE39A1E}.Debug|x64.Deploy.0 = Debug|x64
		{4B339AB5-C52C-4B43-A86C-3B5A4FE39A1E}.Debug|x86.ActiveCfg = Debug|x86
		{4B339AB5-C52C-4B43-A86C-3B5A4FE39A1E}.Debug|x86.Build.0 = Debug|x86
		{4B339AB5-C52C-4B43-A86C-3B5A4FE39A1E}.Debug|x86.Deploy.0 = Debug|x86
		{4B339AB5-C52C-4B43-A86C-3B5A4FE39A1E}.Release|Any CPU.ActiveCfg = Release|x86
		{4B339AB5-C52C-4B43-A86C-3B5A4FE39A1E}.Release|ARM.ActiveCfg = Release|ARM
		{4B339AB5-C52C-4B43-A86C-3B5A4FE39A1E}.Release|ARM.Build.0 = Release|ARM
		{4B339AB5-C52C-4B43-A86C-3B5A4FE39A1E}.Release|ARM.Deploy.0 = Release|ARM
		{4B339AB5-C52C-4B43-A86C-3B5A4FE39A1E}.Release|iPhone.ActiveCfg = Release|x86
		{4B339AB5-C52C-4B43-A86C-3B5A4FE39A1E}.Release|iPhoneSimulator.ActiveCfg = Release|x86
		{4B339AB5-C52C-4B43-A86C-3B5A4FE39A1E}.Release|x64.ActiveCfg = Release|x64
		{4B339AB5-C52C-4B43-A86C-3B5A4FE39A1E}.Release|x64.Build.0 = Release|x64
		{4B339AB5-C52C-4B43-A86C-3B5A4FE39A1E}.Release|x64.Deploy.0 = Release|x64
		{4B339AB5-C52C-4B43-A86C-3B5A4FE39A1E}.Release|x86.ActiveCfg = Release|x86
		{4B339AB5-C52C-4B43-A86C-3B5A4FE39A1E}.Release|x86.Build.0 = Release|x86
		{4B339AB5-C52C-4B43-A86C-3B5A4FE39A1E}.Release|x86.Deploy.0 = Release|x86
		{E56F4F28-CD0F-4B96-AEC5-D3D32FD71534}.Ad-Hoc|Any CPU.ActiveCfg = Debug|Any CPU
		{E56F4F28-CD0F-4B96-AEC5-D3D32FD71534}.Ad-Hoc|Any CPU.Build.0 = Debug|Any CPU
		{E56F4F28-CD0F-4B96-AEC5-D3D32FD71534}.Ad-Hoc|ARM.ActiveCfg = Debug|Any CPU
		{E56F4F28-CD0F-4B96-AEC5-D3D32FD71534}.Ad-Hoc|ARM.Build.0 = Debug|Any CPU
		{E56F4F28-CD0F-4B96-AEC5-D3D32FD71534}.Ad-Hoc|iPhone.ActiveCfg = Debug|Any CPU
		{E56F4F28-CD0F-4B96-AEC5-D3D32FD71534}.Ad-Hoc|iPhone.Build.0 = Debug|Any CPU
		{E56F4F28-CD0F-4B96-AEC5-D3D32FD71534}.Ad-Hoc|iPhoneSimulator.ActiveCfg = Debug|Any CPU
		{E56F4F28-CD0F-4B96-AEC5-D3D32FD71534}.Ad-Hoc|iPhoneSimulator.Build.0 = Debug|Any CPU
		{E56F4F28-CD0F-4B96-AEC5-D3D32FD71534}.Ad-Hoc|x64.ActiveCfg = Debug|Any CPU
		{E56F4F28-CD0F-4B96-AEC5-D3D32FD71534}.Ad-Hoc|x64.Build.0 = Debug|Any CPU
		{E56F4F28-CD0F-4B96-AEC5-D3D32FD71534}.Ad-Hoc|x86.ActiveCfg = Debug|Any CPU
		{E56F4F28-CD0F-4B96-AEC5-D3D32FD71534}.Ad-Hoc|x86.Build.0 = Debug|Any CPU
		{E56F4F28-CD0F-4B96-AEC5-D3D32FD71534}.AppStore|Any CPU.ActiveCfg = Debug|Any CPU
		{E56F4F28-CD0F-4B96-AEC5-D3D32FD71534}.AppStore|Any CPU.Build.0 = Debug|Any CPU
		{E56F4F28-CD0F-4B96-AEC5-D3D32FD71534}.AppStore|ARM.ActiveCfg = Debug|Any CPU
		{E56F4F28-CD0F-4B96-AEC5-D3D32FD71534}.AppStore|ARM.Build.0 = Debug|Any CPU
		{E56F4F28-CD0F-4B96-AEC5-D3D32FD71534}.AppStore|iPhone.ActiveCfg = Debug|Any CPU
		{E56F4F28-CD0F-4B96-AEC5-D3D32FD71534}.AppStore|iPhone.Build.0 = Debug|Any CPU
		{E56F4F28-CD0F-4B96-AEC5-D3D32FD71534}.AppStore|iPhoneSimulator.ActiveCfg = Debug|Any CPU
		{E56F4F28-CD0F-4B96-AEC5-D3D32FD71534}.AppStore|iPhoneSimulator.Build.0 = Debug|Any CPU
		{E56F4F28-CD0F-4B96-AEC5-D3D32FD71534}.AppStore|x64.ActiveCfg = Debug|Any CPU
		{E56F4F28-CD0F-4B96-AEC5-D3D32FD71534}.AppStore|x64.Build.0 = Debug|Any CPU
		{E56F4F28-CD0F-4B96-AEC5-D3D32FD71534}.AppStore|x86.ActiveCfg = Debug|Any CPU
		{E56F4F28-CD0F-4B96-AEC5-D3D32FD71534}.AppStore|x86.Build.0 = Debug|Any CPU
		{E56F4F28-CD0F-4B96-AEC5-D3D32FD71534}.Debug|Any CPU.ActiveCfg = Debug|Any CPU
		{E56F4F28-CD0F-4B96-AEC5-D3D32FD71534}.Debug|Any CPU.Build.0 = Debug|Any CPU
		{E56F4F28-CD0F-4B96-AEC5-D3D32FD71534}.Debug|ARM.ActiveCfg = Debug|Any CPU
		{E56F4F28-CD0F-4B96-AEC5-D3D32FD71534}.Debug|ARM.Build.0 = Debug|Any CPU
		{E56F4F28-CD0F-4B96-AEC5-D3D32FD71534}.Debug|iPhone.ActiveCfg = Debug|Any CPU
		{E56F4F28-CD0F-4B96-AEC5-D3D32FD71534}.Debug|iPhone.Build.0 = Debug|Any CPU
		{E56F4F28-CD0F-4B96-AEC5-D3D32FD71534}.Debug|iPhoneSimulator.ActiveCfg = Debug|Any CPU
		{E56F4F28-CD0F-4B96-AEC5-D3D32FD71534}.Debug|iPhoneSimulator.Build.0 = Debug|Any CPU
		{E56F4F28-CD0F-4B96-AEC5-D3D32FD71534}.Debug|x64.ActiveCfg = Debug|Any CPU
		{E56F4F28-CD0F-4B96-AEC5-D3D32FD71534}.Debug|x64.Build.0 = Debug|Any CPU
		{E56F4F28-CD0F-4B96-AEC5-D3D32FD71534}.Debug|x86.ActiveCfg = Debug|Any CPU
		{E56F4F28-CD0F-4B96-AEC5-D3D32FD71534}.Debug|x86.Build.0 = Debug|Any CPU
		{E56F4F28-CD0F-4B96-AEC5-D3D32FD71534}.Release|Any CPU.ActiveCfg = Release|Any CPU
		{E56F4F28-CD0F-4B96-AEC5-D3D32FD71534}.Release|Any CPU.Build.0 = Release|Any CPU
		{E56F4F28-CD0F-4B96-AEC5-D3D32FD71534}.Release|ARM.ActiveCfg = Release|Any CPU
		{E56F4F28-CD0F-4B96-AEC5-D3D32FD71534}.Release|ARM.Build.0 = Release|Any CPU
		{E56F4F28-CD0F-4B96-AEC5-D3D32FD71534}.Release|iPhone.ActiveCfg = Release|Any CPU
		{E56F4F28-CD0F-4B96-AEC5-D3D32FD71534}.Release|iPhone.Build.0 = Release|Any CPU
		{E56F4F28-CD0F-4B96-AEC5-D3D32FD71534}.Release|iPhoneSimulator.ActiveCfg = Release|Any CPU
		{E56F4F28-CD0F-4B96-AEC5-D3D32FD71534}.Release|iPhoneSimulator.Build.0 = Release|Any CPU
		{E56F4F28-CD0F-4B96-AEC5-D3D32FD71534}.Release|x64.ActiveCfg = Release|Any CPU
		{E56F4F28-CD0F-4B96-AEC5-D3D32FD71534}.Release|x64.Build.0 = Release|Any CPU
		{E56F4F28-CD0F-4B96-AEC5-D3D32FD71534}.Release|x86.ActiveCfg = Release|Any CPU
		{E56F4F28-CD0F-4B96-AEC5-D3D32FD71534}.Release|x86.Build.0 = Release|Any CPU
	EndGlobalSection
	GlobalSection(SolutionProperties) = preSolution
		HideSolutionNode = FALSE
	EndGlobalSection
	GlobalSection(ExtensibilityGlobals) = postSolution
		SolutionGuid = {51E27195-2394-48B8-A132-012D0E41C549}
	EndGlobalSection
EndGlobal
